// !$*UTF8*$!
{
	archiveVersion = 1;
	classes = {
	};
	objectVersion = 48;
	objects = {

/* Begin PBXBuildFile section */
		4C1EDD641FBFF290005BEC95 /* MessageDetailViewController.swift in Sources */ = {isa = PBXBuildFile; fileRef = 4C1EDD631FBFF290005BEC95 /* MessageDetailViewController.swift */; };
		4C1EDD681FC0E497005BEC95 /* ImageService.swift in Sources */ = {isa = PBXBuildFile; fileRef = 4C1EDD671FC0E497005BEC95 /* ImageService.swift */; };
		4C3112601FB50819006BC5EF /* AppDelegate.swift in Sources */ = {isa = PBXBuildFile; fileRef = 4C31125F1FB50819006BC5EF /* AppDelegate.swift */; };
		4C3112621FB50819006BC5EF /* ViewController.swift in Sources */ = {isa = PBXBuildFile; fileRef = 4C3112611FB50819006BC5EF /* ViewController.swift */; };
		4C3112651FB50819006BC5EF /* Main.storyboard in Resources */ = {isa = PBXBuildFile; fileRef = 4C3112631FB50819006BC5EF /* Main.storyboard */; };
		4C3112671FB50819006BC5EF /* Assets.xcassets in Resources */ = {isa = PBXBuildFile; fileRef = 4C3112661FB50819006BC5EF /* Assets.xcassets */; };
		4C31126A1FB50819006BC5EF /* LaunchScreen.storyboard in Resources */ = {isa = PBXBuildFile; fileRef = 4C3112681FB50819006BC5EF /* LaunchScreen.storyboard */; };
		4C3112751FB50819006BC5EF /* Project3Tests.swift in Sources */ = {isa = PBXBuildFile; fileRef = 4C3112741FB50819006BC5EF /* Project3Tests.swift */; };
		4C3112801FB50819006BC5EF /* Project3UITests.swift in Sources */ = {isa = PBXBuildFile; fileRef = 4C31127F1FB50819006BC5EF /* Project3UITests.swift */; };
		4C31128E1FBBA0FA006BC5EF /* NetworkingServices.swift in Sources */ = {isa = PBXBuildFile; fileRef = 4C31128D1FBBA0FA006BC5EF /* NetworkingServices.swift */; };
		4C3112901FBE3D96006BC5EF /* MessageViewController.swift in Sources */ = {isa = PBXBuildFile; fileRef = 4C31128F1FBE3D96006BC5EF /* MessageViewController.swift */; };
		4C3112941FBE6E8E006BC5EF /* MessageCell.swift in Sources */ = {isa = PBXBuildFile; fileRef = 4C3112931FBE6E8E006BC5EF /* MessageCell.swift */; };
		4C32E5C21FC1166600C46995 /* MessageSendViewController.swift in Sources */ = {isa = PBXBuildFile; fileRef = 4C32E5C11FC1166600C46995 /* MessageSendViewController.swift */; };
		4C32E5C41FC1273700C46995 /* SelectionViewController.swift in Sources */ = {isa = PBXBuildFile; fileRef = 4C32E5C31FC1273700C46995 /* SelectionViewController.swift */; };
		4C32E5C61FC1275D00C46995 /* SelectionCell.swift in Sources */ = {isa = PBXBuildFile; fileRef = 4C32E5C51FC1275D00C46995 /* SelectionCell.swift */; };
/* End PBXBuildFile section */

/* Begin PBXContainerItemProxy section */
		4C3112711FB50819006BC5EF /* PBXContainerItemProxy */ = {
			isa = PBXContainerItemProxy;
			containerPortal = 4C3112541FB50819006BC5EF /* Project object */;
			proxyType = 1;
			remoteGlobalIDString = 4C31125B1FB50819006BC5EF;
			remoteInfo = Project3;
		};
		4C31127C1FB50819006BC5EF /* PBXContainerItemProxy */ = {
			isa = PBXContainerItemProxy;
			containerPortal = 4C3112541FB50819006BC5EF /* Project object */;
			proxyType = 1;
			remoteGlobalIDString = 4C31125B1FB50819006BC5EF;
			remoteInfo = Project3;
		};
/* End PBXContainerItemProxy section */

/* Begin PBXFileReference section */
		4C1EDD631FBFF290005BEC95 /* MessageDetailViewController.swift */ = {isa = PBXFileReference; lastKnownFileType = sourcecode.swift; path = MessageDetailViewController.swift; sourceTree = "<group>"; };
		4C1EDD671FC0E497005BEC95 /* ImageService.swift */ = {isa = PBXFileReference; lastKnownFileType = sourcecode.swift; path = ImageService.swift; sourceTree = "<group>"; };
		4C31125C1FB50819006BC5EF /* Project3.app */ = {isa = PBXFileReference; explicitFileType = wrapper.application; includeInIndex = 0; path = Project3.app; sourceTree = BUILT_PRODUCTS_DIR; };
		4C31125F1FB50819006BC5EF /* AppDelegate.swift */ = {isa = PBXFileReference; lastKnownFileType = sourcecode.swift; path = AppDelegate.swift; sourceTree = "<group>"; };
		4C3112611FB50819006BC5EF /* ViewController.swift */ = {isa = PBXFileReference; lastKnownFileType = sourcecode.swift; path = ViewController.swift; sourceTree = "<group>"; };
		4C3112641FB50819006BC5EF /* Base */ = {isa = PBXFileReference; lastKnownFileType = file.storyboard; name = Base; path = Base.lproj/Main.storyboard; sourceTree = "<group>"; };
		4C3112661FB50819006BC5EF /* Assets.xcassets */ = {isa = PBXFileReference; lastKnownFileType = folder.assetcatalog; path = Assets.xcassets; sourceTree = "<group>"; };
		4C3112691FB50819006BC5EF /* Base */ = {isa = PBXFileReference; lastKnownFileType = file.storyboard; name = Base; path = Base.lproj/LaunchScreen.storyboard; sourceTree = "<group>"; };
		4C31126B1FB50819006BC5EF /* Info.plist */ = {isa = PBXFileReference; lastKnownFileType = text.plist.xml; path = Info.plist; sourceTree = "<group>"; };
		4C3112701FB50819006BC5EF /* Project3Tests.xctest */ = {isa = PBXFileReference; explicitFileType = wrapper.cfbundle; includeInIndex = 0; path = Project3Tests.xctest; sourceTree = BUILT_PRODUCTS_DIR; };
		4C3112741FB50819006BC5EF /* Project3Tests.swift */ = {isa = PBXFileReference; lastKnownFileType = sourcecode.swift; path = Project3Tests.swift; sourceTree = "<group>"; };
		4C3112761FB50819006BC5EF /* Info.plist */ = {isa = PBXFileReference; lastKnownFileType = text.plist.xml; path = Info.plist; sourceTree = "<group>"; };
		4C31127B1FB50819006BC5EF /* Project3UITests.xctest */ = {isa = PBXFileReference; explicitFileType = wrapper.cfbundle; includeInIndex = 0; path = Project3UITests.xctest; sourceTree = BUILT_PRODUCTS_DIR; };
		4C31127F1FB50819006BC5EF /* Project3UITests.swift */ = {isa = PBXFileReference; lastKnownFileType = sourcecode.swift; path = Project3UITests.swift; sourceTree = "<group>"; };
		4C3112811FB50819006BC5EF /* Info.plist */ = {isa = PBXFileReference; lastKnownFileType = text.plist.xml; path = Info.plist; sourceTree = "<group>"; };
		4C31128D1FBBA0FA006BC5EF /* NetworkingServices.swift */ = {isa = PBXFileReference; lastKnownFileType = sourcecode.swift; path = NetworkingServices.swift; sourceTree = "<group>"; };
		4C31128F1FBE3D96006BC5EF /* MessageViewController.swift */ = {isa = PBXFileReference; lastKnownFileType = sourcecode.swift; path = MessageViewController.swift; sourceTree = "<group>"; };
		4C3112931FBE6E8E006BC5EF /* MessageCell.swift */ = {isa = PBXFileReference; lastKnownFileType = sourcecode.swift; path = MessageCell.swift; sourceTree = "<group>"; };
		4C32E5C11FC1166600C46995 /* MessageSendViewController.swift */ = {isa = PBXFileReference; lastKnownFileType = sourcecode.swift; path = MessageSendViewController.swift; sourceTree = "<group>"; };
		4C32E5C31FC1273700C46995 /* SelectionViewController.swift */ = {isa = PBXFileReference; lastKnownFileType = sourcecode.swift; path = SelectionViewController.swift; sourceTree = "<group>"; };
		4C32E5C51FC1275D00C46995 /* SelectionCell.swift */ = {isa = PBXFileReference; lastKnownFileType = sourcecode.swift; path = SelectionCell.swift; sourceTree = "<group>"; };
/* End PBXFileReference section */

/* Begin PBXFrameworksBuildPhase section */
		4C3112591FB50819006BC5EF /* Frameworks */ = {
			isa = PBXFrameworksBuildPhase;
			buildActionMask = 2147483647;
			files = (
			);
			runOnlyForDeploymentPostprocessing = 0;
		};
		4C31126D1FB50819006BC5EF /* Frameworks */ = {
			isa = PBXFrameworksBuildPhase;
			buildActionMask = 2147483647;
			files = (
			);
			runOnlyForDeploymentPostprocessing = 0;
		};
		4C3112781FB50819006BC5EF /* Frameworks */ = {
			isa = PBXFrameworksBuildPhase;
			buildActionMask = 2147483647;
			files = (
			);
			runOnlyForDeploymentPostprocessing = 0;
		};
/* End PBXFrameworksBuildPhase section */

/* Begin PBXGroup section */
		4C3112531FB50819006BC5EF = {
			isa = PBXGroup;
			children = (
				4C31125E1FB50819006BC5EF /* Project3 */,
				4C3112731FB50819006BC5EF /* Project3Tests */,
				4C31127E1FB50819006BC5EF /* Project3UITests */,
				4C31125D1FB50819006BC5EF /* Products */,
			);
			sourceTree = "<group>";
		};
		4C31125D1FB50819006BC5EF /* Products */ = {
			isa = PBXGroup;
			children = (
				4C31125C1FB50819006BC5EF /* Project3.app */,
				4C3112701FB50819006BC5EF /* Project3Tests.xctest */,
				4C31127B1FB50819006BC5EF /* Project3UITests.xctest */,
			);
			name = Products;
			sourceTree = "<group>";
		};
		4C31125E1FB50819006BC5EF /* Project3 */ = {
			isa = PBXGroup;
			children = (
				4C31125F1FB50819006BC5EF /* AppDelegate.swift */,
				4C3112931FBE6E8E006BC5EF /* MessageCell.swift */,
				4C32E5C51FC1275D00C46995 /* SelectionCell.swift */,
				4C32E5C11FC1166600C46995 /* MessageSendViewController.swift */,
				4C1EDD631FBFF290005BEC95 /* MessageDetailViewController.swift */,
				4C32E5C31FC1273700C46995 /* SelectionViewController.swift */,
				4C31128F1FBE3D96006BC5EF /* MessageViewController.swift */,
				4C3112611FB50819006BC5EF /* ViewController.swift */,
				4C1EDD671FC0E497005BEC95 /* ImageService.swift */,
				4C31128D1FBBA0FA006BC5EF /* NetworkingServices.swift */,
				4C3112631FB50819006BC5EF /* Main.storyboard */,
				4C3112661FB50819006BC5EF /* Assets.xcassets */,
				4C3112681FB50819006BC5EF /* LaunchScreen.storyboard */,
				4C31126B1FB50819006BC5EF /* Info.plist */,
			);
			path = Project3;
			sourceTree = "<group>";
		};
		4C3112731FB50819006BC5EF /* Project3Tests */ = {
			isa = PBXGroup;
			children = (
				4C3112741FB50819006BC5EF /* Project3Tests.swift */,
				4C3112761FB50819006BC5EF /* Info.plist */,
			);
			path = Project3Tests;
			sourceTree = "<group>";
		};
		4C31127E1FB50819006BC5EF /* Project3UITests */ = {
			isa = PBXGroup;
			children = (
				4C31127F1FB50819006BC5EF /* Project3UITests.swift */,
				4C3112811FB50819006BC5EF /* Info.plist */,
			);
			path = Project3UITests;
			sourceTree = "<group>";
		};
/* End PBXGroup section */

/* Begin PBXNativeTarget section */
		4C31125B1FB50819006BC5EF /* Project3 */ = {
			isa = PBXNativeTarget;
			buildConfigurationList = 4C3112841FB5081A006BC5EF /* Build configuration list for PBXNativeTarget "Project3" */;
			buildPhases = (
				4C3112581FB50819006BC5EF /* Sources */,
				4C3112591FB50819006BC5EF /* Frameworks */,
				4C31125A1FB50819006BC5EF /* Resources */,
			);
			buildRules = (
			);
			dependencies = (
			);
			name = Project3;
			productName = Project3;
			productReference = 4C31125C1FB50819006BC5EF /* Project3.app */;
			productType = "com.apple.product-type.application";
		};
		4C31126F1FB50819006BC5EF /* Project3Tests */ = {
			isa = PBXNativeTarget;
			buildConfigurationList = 4C3112871FB5081A006BC5EF /* Build configuration list for PBXNativeTarget "Project3Tests" */;
			buildPhases = (
				4C31126C1FB50819006BC5EF /* Sources */,
				4C31126D1FB50819006BC5EF /* Frameworks */,
				4C31126E1FB50819006BC5EF /* Resources */,
			);
			buildRules = (
			);
			dependencies = (
				4C3112721FB50819006BC5EF /* PBXTargetDependency */,
			);
			name = Project3Tests;
			productName = Project3Tests;
			productReference = 4C3112701FB50819006BC5EF /* Project3Tests.xctest */;
			productType = "com.apple.product-type.bundle.unit-test";
		};
		4C31127A1FB50819006BC5EF /* Project3UITests */ = {
			isa = PBXNativeTarget;
			buildConfigurationList = 4C31128A1FB5081A006BC5EF /* Build configuration list for PBXNativeTarget "Project3UITests" */;
			buildPhases = (
				4C3112771FB50819006BC5EF /* Sources */,
				4C3112781FB50819006BC5EF /* Frameworks */,
				4C3112791FB50819006BC5EF /* Resources */,
			);
			buildRules = (
			);
			dependencies = (
				4C31127D1FB50819006BC5EF /* PBXTargetDependency */,
			);
			name = Project3UITests;
			productName = Project3UITests;
			productReference = 4C31127B1FB50819006BC5EF /* Project3UITests.xctest */;
			productType = "com.apple.product-type.bundle.ui-testing";
		};
/* End PBXNativeTarget section */

/* Begin PBXProject section */
		4C3112541FB50819006BC5EF /* Project object */ = {
			isa = PBXProject;
			attributes = {
				LastSwiftUpdateCheck = 0900;
				LastUpgradeCheck = 0900;
				ORGANIZATIONNAME = "Michael Bolot";
				TargetAttributes = {
					4C31125B1FB50819006BC5EF = {
						CreatedOnToolsVersion = 9.0;
						ProvisioningStyle = Automatic;
					};
					4C31126F1FB50819006BC5EF = {
						CreatedOnToolsVersion = 9.0;
						ProvisioningStyle = Automatic;
						TestTargetID = 4C31125B1FB50819006BC5EF;
					};
					4C31127A1FB50819006BC5EF = {
						CreatedOnToolsVersion = 9.0;
						ProvisioningStyle = Automatic;
						TestTargetID = 4C31125B1FB50819006BC5EF;
					};
				};
			};
			buildConfigurationList = 4C3112571FB50819006BC5EF /* Build configuration list for PBXProject "Project3" */;
			compatibilityVersion = "Xcode 8.0";
			developmentRegion = en;
			hasScannedForEncodings = 0;
			knownRegions = (
				en,
				Base,
			);
			mainGroup = 4C3112531FB50819006BC5EF;
			productRefGroup = 4C31125D1FB50819006BC5EF /* Products */;
			projectDirPath = "";
			projectRoot = "";
			targets = (
				4C31125B1FB50819006BC5EF /* Project3 */,
				4C31126F1FB50819006BC5EF /* Project3Tests */,
				4C31127A1FB50819006BC5EF /* Project3UITests */,
			);
		};
/* End PBXProject section */

/* Begin PBXResourcesBuildPhase section */
		4C31125A1FB50819006BC5EF /* Resources */ = {
			isa = PBXResourcesBuildPhase;
			buildActionMask = 2147483647;
			files = (
				4C31126A1FB50819006BC5EF /* LaunchScreen.storyboard in Resources */,
				4C3112671FB50819006BC5EF /* Assets.xcassets in Resources */,
				4C3112651FB50819006BC5EF /* Main.storyboard in Resources */,
			);
			runOnlyForDeploymentPostprocessing = 0;
		};
		4C31126E1FB50819006BC5EF /* Resources */ = {
			isa = PBXResourcesBuildPhase;
			buildActionMask = 2147483647;
			files = (
			);
			runOnlyForDeploymentPostprocessing = 0;
		};
		4C3112791FB50819006BC5EF /* Resources */ = {
			isa = PBXResourcesBuildPhase;
			buildActionMask = 2147483647;
			files = (
			);
			runOnlyForDeploymentPostprocessing = 0;
		};
/* End PBXResourcesBuildPhase section */

/* Begin PBXSourcesBuildPhase section */
		4C3112581FB50819006BC5EF /* Sources */ = {
			isa = PBXSourcesBuildPhase;
			buildActionMask = 2147483647;
			files = (
				4C32E5C21FC1166600C46995 /* MessageSendViewController.swift in Sources */,
				4C3112621FB50819006BC5EF /* ViewController.swift in Sources */,
				4C32E5C61FC1275D00C46995 /* SelectionCell.swift in Sources */,
				4C3112941FBE6E8E006BC5EF /* MessageCell.swift in Sources */,
				4C3112601FB50819006BC5EF /* AppDelegate.swift in Sources */,
				4C32E5C41FC1273700C46995 /* SelectionViewController.swift in Sources */,
				4C3112901FBE3D96006BC5EF /* MessageViewController.swift in Sources */,
				4C31128E1FBBA0FA006BC5EF /* NetworkingServices.swift in Sources */,
				4C1EDD641FBFF290005BEC95 /* MessageDetailViewController.swift in Sources */,
				4C1EDD681FC0E497005BEC95 /* ImageService.swift in Sources */,
			);
			runOnlyForDeploymentPostprocessing = 0;
		};
		4C31126C1FB50819006BC5EF /* Sources */ = {
			isa = PBXSourcesBuildPhase;
			buildActionMask = 2147483647;
			files = (
				4C3112751FB50819006BC5EF /* Project3Tests.swift in Sources */,
			);
			runOnlyForDeploymentPostprocessing = 0;
		};
		4C3112771FB50819006BC5EF /* Sources */ = {
			isa = PBXSourcesBuildPhase;
			buildActionMask = 2147483647;
			files = (
				4C3112801FB50819006BC5EF /* Project3UITests.swift in Sources */,
			);
			runOnlyForDeploymentPostprocessing = 0;
		};
/* End PBXSourcesBuildPhase section */

/* Begin PBXTargetDependency section */
		4C3112721FB50819006BC5EF /* PBXTargetDependency */ = {
			isa = PBXTargetDependency;
			target = 4C31125B1FB50819006BC5EF /* Project3 */;
			targetProxy = 4C3112711FB50819006BC5EF /* PBXContainerItemProxy */;
		};
		4C31127D1FB50819006BC5EF /* PBXTargetDependency */ = {
			isa = PBXTargetDependency;
			target = 4C31125B1FB50819006BC5EF /* Project3 */;
			targetProxy = 4C31127C1FB50819006BC5EF /* PBXContainerItemProxy */;
		};
/* End PBXTargetDependency section */

/* Begin PBXVariantGroup section */
		4C3112631FB50819006BC5EF /* Main.storyboard */ = {
			isa = PBXVariantGroup;
			children = (
				4C3112641FB50819006BC5EF /* Base */,
			);
			name = Main.storyboard;
			sourceTree = "<group>";
		};
		4C3112681FB50819006BC5EF /* LaunchScreen.storyboard */ = {
			isa = PBXVariantGroup;
			children = (
				4C3112691FB50819006BC5EF /* Base */,
			);
			name = LaunchScreen.storyboard;
			sourceTree = "<group>";
		};
/* End PBXVariantGroup section */

/* Begin XCBuildConfiguration section */
		4C3112821FB5081A006BC5EF /* Debug */ = {
			isa = XCBuildConfiguration;
			buildSettings = {
				ALWAYS_SEARCH_USER_PATHS = NO;
				CLANG_ANALYZER_NONNULL = YES;
				CLANG_ANALYZER_NUMBER_OBJECT_CONVERSION = YES_AGGRESSIVE;
				CLANG_CXX_LANGUAGE_STANDARD = "gnu++14";
				CLANG_CXX_LIBRARY = "libc++";
				CLANG_ENABLE_MODULES = YES;
				CLANG_ENABLE_OBJC_ARC = YES;
				CLANG_WARN_BLOCK_CAPTURE_AUTORELEASING = YES;
				CLANG_WARN_BOOL_CONVERSION = YES;
				CLANG_WARN_COMMA = YES;
				CLANG_WARN_CONSTANT_CONVERSION = YES;
				CLANG_WARN_DIRECT_OBJC_ISA_USAGE = YES_ERROR;
				CLANG_WARN_DOCUMENTATION_COMMENTS = YES;
				CLANG_WARN_EMPTY_BODY = YES;
				CLANG_WARN_ENUM_CONVERSION = YES;
				CLANG_WARN_INFINITE_RECURSION = YES;
				CLANG_WARN_INT_CONVERSION = YES;
				CLANG_WARN_NON_LITERAL_NULL_CONVERSION = YES;
				CLANG_WARN_OBJC_LITERAL_CONVERSION = YES;
				CLANG_WARN_OBJC_ROOT_CLASS = YES_ERROR;
				CLANG_WARN_RANGE_LOOP_ANALYSIS = YES;
				CLANG_WARN_STRICT_PROTOTYPES = YES;
				CLANG_WARN_SUSPICIOUS_MOVE = YES;
				CLANG_WARN_UNGUARDED_AVAILABILITY = YES_AGGRESSIVE;
				CLANG_WARN_UNREACHABLE_CODE = YES;
				CLANG_WARN__DUPLICATE_METHOD_MATCH = YES;
				CODE_SIGN_IDENTITY = "iPhone Developer";
				COPY_PHASE_STRIP = NO;
				DEBUG_INFORMATION_FORMAT = dwarf;
				ENABLE_STRICT_OBJC_MSGSEND = YES;
				ENABLE_TESTABILITY = YES;
				GCC_C_LANGUAGE_STANDARD = gnu11;
				GCC_DYNAMIC_NO_PIC = NO;
				GCC_NO_COMMON_BLOCKS = YES;
				GCC_OPTIMIZATION_LEVEL = 0;
				GCC_PREPROCESSOR_DEFINITIONS = (
					"DEBUG=1",
					"$(inherited)",
				);
				GCC_WARN_64_TO_32_BIT_CONVERSION = YES;
				GCC_WARN_ABOUT_RETURN_TYPE = YES_ERROR;
				GCC_WARN_UNDECLARED_SELECTOR = YES;
				GCC_WARN_UNINITIALIZED_AUTOS = YES_AGGRESSIVE;
				GCC_WARN_UNUSED_FUNCTION = YES;
				GCC_WARN_UNUSED_VARIABLE = YES;
				IPHONEOS_DEPLOYMENT_TARGET = 11.0;
				MTL_ENABLE_DEBUG_INFO = YES;
				ONLY_ACTIVE_ARCH = YES;
				SDKROOT = iphoneos;
				SWIFT_ACTIVE_COMPILATION_CONDITIONS = DEBUG;
				SWIFT_OPTIMIZATION_LEVEL = "-Onone";
			};
			name = Debug;
		};
		4C3112831FB5081A006BC5EF /* Release */ = {
			isa = XCBuildConfiguration;
			buildSettings = {
				ALWAYS_SEARCH_USER_PATHS = NO;
				CLANG_ANALYZER_NONNULL = YES;
				CLANG_ANALYZER_NUMBER_OBJECT_CONVERSION = YES_AGGRESSIVE;
				CLANG_CXX_LANGUAGE_STANDARD = "gnu++14";
				CLANG_CXX_LIBRARY = "libc++";
				CLANG_ENABLE_MODULES = YES;
				CLANG_ENABLE_OBJC_ARC = YES;
				CLANG_WARN_BLOCK_CAPTURE_AUTORELEASING = YES;
				CLANG_WARN_BOOL_CONVERSION = YES;
				CLANG_WARN_COMMA = YES;
				CLANG_WARN_CONSTANT_CONVERSION = YES;
				CLANG_WARN_DIRECT_OBJC_ISA_USAGE = YES_ERROR;
				CLANG_WARN_DOCUMENTATION_COMMENTS = YES;
				CLANG_WARN_EMPTY_BODY = YES;
				CLANG_WARN_ENUM_CONVERSION = YES;
				CLANG_WARN_INFINITE_RECURSION = YES;
				CLANG_WARN_INT_CONVERSION = YES;
				CLANG_WARN_NON_LITERAL_NULL_CONVERSION = YES;
				CLANG_WARN_OBJC_LITERAL_CONVERSION = YES;
				CLANG_WARN_OBJC_ROOT_CLASS = YES_ERROR;
				CLANG_WARN_RANGE_LOOP_ANALYSIS = YES;
				CLANG_WARN_STRICT_PROTOTYPES = YES;
				CLANG_WARN_SUSPICIOUS_MOVE = YES;
				CLANG_WARN_UNGUARDED_AVAILABILITY = YES_AGGRESSIVE;
				CLANG_WARN_UNREACHABLE_CODE = YES;
				CLANG_WARN__DUPLICATE_METHOD_MATCH = YES;
				CODE_SIGN_IDENTITY = "iPhone Developer";
				COPY_PHASE_STRIP = NO;
				DEBUG_INFORMATION_FORMAT = "dwarf-with-dsym";
				ENABLE_NS_ASSERTIONS = NO;
				ENABLE_STRICT_OBJC_MSGSEND = YES;
				GCC_C_LANGUAGE_STANDARD = gnu11;
				GCC_NO_COMMON_BLOCKS = YES;
				GCC_WARN_64_TO_32_BIT_CONVERSION = YES;
				GCC_WARN_ABOUT_RETURN_TYPE = YES_ERROR;
				GCC_WARN_UNDECLARED_SELECTOR = YES;
				GCC_WARN_UNINITIALIZED_AUTOS = YES_AGGRESSIVE;
				GCC_WARN_UNUSED_FUNCTION = YES;
				GCC_WARN_UNUSED_VARIABLE = YES;
				IPHONEOS_DEPLOYMENT_TARGET = 11.0;
				MTL_ENABLE_DEBUG_INFO = NO;
				SDKROOT = iphoneos;
				SWIFT_OPTIMIZATION_LEVEL = "-Owholemodule";
				VALIDATE_PRODUCT = YES;
			};
			name = Release;
		};
		4C3112851FB5081A006BC5EF /* Debug */ = {
			isa = XCBuildConfiguration;
			buildSettings = {
				ASSETCATALOG_COMPILER_APPICON_NAME = AppIcon;
				CODE_SIGN_STYLE = Automatic;
				INFOPLIST_FILE = Project3/Info.plist;
				LD_RUNPATH_SEARCH_PATHS = "$(inherited) @executable_path/Frameworks";
				PRODUCT_BUNDLE_IDENTIFIER = none.Project3;
				PRODUCT_NAME = "$(TARGET_NAME)";
				SWIFT_VERSION = 4.0;
				TARGETED_DEVICE_FAMILY = "1,2";
			};
			name = Debug;
		};
		4C3112861FB5081A006BC5EF /* Release */ = {
			isa = XCBuildConfiguration;
			buildSettings = {
				ASSETCATALOG_COMPILER_APPICON_NAME = AppIcon;
				CODE_SIGN_STYLE = Automatic;
				INFOPLIST_FILE = Project3/Info.plist;
				LD_RUNPATH_SEARCH_PATHS = "$(inherited) @executable_path/Frameworks";
				PRODUCT_BUNDLE_IDENTIFIER = none.Project3;
				PRODUCT_NAME = "$(TARGET_NAME)";
				SWIFT_VERSION = 4.0;
				TARGETED_DEVICE_FAMILY = "1,2";
			};
			name = Release;
		};
		4C3112881FB5081A006BC5EF /* Debug */ = {
			isa = XCBuildConfiguration;
			buildSettings = {
				ALWAYS_EMBED_SWIFT_STANDARD_LIBRARIES = YES;
				BUNDLE_LOADER = "$(TEST_HOST)";
				CODE_SIGN_STYLE = Automatic;
				INFOPLIST_FILE = Project3Tests/Info.plist;
				LD_RUNPATH_SEARCH_PATHS = "$(inherited) @executable_path/Frameworks @loader_path/Frameworks";
				PRODUCT_BUNDLE_IDENTIFIER = none.Project3Tests;
				PRODUCT_NAME = "$(TARGET_NAME)";
				SWIFT_VERSION = 4.0;
				TARGETED_DEVICE_FAMILY = "1,2";
				TEST_HOST = "$(BUILT_PRODUCTS_DIR)/Project3.app/Project3";
			};
			name = Debug;
		};
		4C3112891FB5081A006BC5EF /* Release */ = {
			isa = XCBuildConfiguration;
			buildSettings = {
				ALWAYS_EMBED_SWIFT_STANDARD_LIBRARIES = YES;
				BUNDLE_LOADER = "$(TEST_HOST)";
				CODE_SIGN_STYLE = Automatic;
				INFOPLIST_FILE = Project3Tests/Info.plist;
				LD_RUNPATH_SEARCH_PATHS = "$(inherited) @executable_path/Frameworks @loader_path/Frameworks";
				PRODUCT_BUNDLE_IDENTIFIER = none.Project3Tests;
				PRODUCT_NAME = "$(TARGET_NAME)";
				SWIFT_VERSION = 4.0;
				TARGETED_DEVICE_FAMILY = "1,2";
				TEST_HOST = "$(BUILT_PRODUCTS_DIR)/Project3.app/Project3";
			};
			name = Release;
		};
		4C31128B1FB5081A006BC5EF /* Debug */ = {
			isa = XCBuildConfiguration;
			buildSettings = {
				ALWAYS_EMBED_SWIFT_STANDARD_LIBRARIES = YES;
				CODE_SIGN_STYLE = Automatic;
				INFOPLIST_FILE = Project3UITests/Info.plist;
				LD_RUNPATH_SEARCH_PATHS = "$(inherited) @executable_path/Frameworks @loader_path/Frameworks";
				PRODUCT_BUNDLE_IDENTIFIER = none.Project3UITests;
				PRODUCT_NAME = "$(TARGET_NAME)";
				SWIFT_VERSION = 4.0;
				TARGETED_DEVICE_FAMILY = "1,2";
				TEST_TARGET_NAME = Project3;
			};
			name = Debug;
		};
		4C31128C1FB5081A006BC5EF /* Release */ = {
			isa = XCBuildConfiguration;
			buildSettings = {
				ALWAYS_EMBED_SWIFT_STANDARD_LIBRARIES = YES;
				CODE_SIGN_STYLE = Automatic;
				INFOPLIST_FILE = Project3UITests/Info.plist;
				LD_RUNPATH_SEARCH_PATHS = "$(inherited) @executable_path/Frameworks @loader_path/Frameworks";
				PRODUCT_BUNDLE_IDENTIFIER = none.Project3UITests;
				PRODUCT_NAME = "$(TARGET_NAME)";
				SWIFT_VERSION = 4.0;
				TARGETED_DEVICE_FAMILY = "1,2";
				TEST_TARGET_NAME = Project3;
			};
			name = Release;
		};
/* End XCBuildConfiguration section */

/* Begin XCConfigurationList section */
		4C3112571FB50819006BC5EF /* Build configuration list for PBXProject "Project3" */ = {
			isa = XCConfigurationList;
			buildConfigurations = (
				4C3112821FB5081A006BC5EF /* Debug */,
				4C3112831FB5081A006BC5EF /* Release */,
			);
			defaultConfigurationIsVisible = 0;
			defaultConfigurationName = Release;
		};
		4C3112841FB5081A006BC5EF /* Build configuration list for PBXNativeTarget "Project3" */ = {
			isa = XCConfigurationList;
			buildConfigurations = (
				4C3112851FB5081A006BC5EF /* Debug */,
				4C3112861FB5081A006BC5EF /* Release */,
			);
			defaultConfigurationIsVisible = 0;
			defaultConfigurationName = Release;
		};
		4C3112871FB5081A006BC5EF /* Build configuration list for PBXNativeTarget "Project3Tests" */ = {
			isa = XCConfigurationList;
			buildConfigurations = (
				4C3112881FB5081A006BC5EF /* Debug */,
				4C3112891FB5081A006BC5EF /* Release */,
			);
			defaultConfigurationIsVisible = 0;
			defaultConfigurationName = Release;
		};
		4C31128A1FB5081A006BC5EF /* Build configuration list for PBXNativeTarget "Project3UITests" */ = {
			isa = XCConfigurationList;
			buildConfigurations = (
				4C31128B1FB5081A006BC5EF /* Debug */,
				4C31128C1FB5081A006BC5EF /* Release */,
			);
			defaultConfigurationIsVisible = 0;
			defaultConfigurationName = Release;
		};
/* End XCConfigurationList section */
	};
	rootObject = 4C3112541FB50819006BC5EF /* Project object */;
}
